
Microsoft Visual Studio Solution File, Format Version 12.00
# Visual Studio Version 16
VisualStudioVersion = 16.0.29509.3
MinimumVisualStudioVersion = 10.0.40219.1
Project("{FAE04EC0-301F-11D3-BF4B-00C04F79EFBC}") = "Rhino.Security.Tests", "Rhino.Security.Tests\Rhino.Security.Tests.csproj", "{558B3AE3-C408-4DB0-AC79-386BC12379BE}"
EndProject
Project("{FAE04EC0-301F-11D3-BF4B-00C04F79EFBC}") = "Rhino.Security.Windsor", "Rhino.Security.Windsor\Rhino.Security.Windsor.csproj", "{86E17B7C-E241-4C25-8A8B-B56C3D4C0B5C}"
EndProject
Project("{FAE04EC0-301F-11D3-BF4B-00C04F79EFBC}") = "Rhino.Security.ActiveRecord", "Rhino.Security.ActiveRecord\Rhino.Security.ActiveRecord.csproj", "{5FCDDA8A-B305-474E-AD27-4DEF6CB042B6}"
EndProject
Project("{9A19103F-16F7-4668-BE54-9A1E7A4F7556}") = "Rhino.Security", "Rhino.Security\Rhino.Security.csproj", "{2FFCEF0E-CEAD-4187-BBCD-CB0F60CF09AA}"
EndProject
Global
	GlobalSection(SolutionConfigurationPlatforms) = preSolution
		Debug|Any CPU = Debug|Any CPU
		Release|Any CPU = Release|Any CPU
		Start|Any CPU = Start|Any CPU
	EndGlobalSection
	GlobalSection(ProjectConfigurationPlatforms) = postSolution
		{558B3AE3-C408-4DB0-AC79-386BC12379BE}.Debug|Any CPU.ActiveCfg = Debug|Any CPU
		{558B3AE3-C408-4DB0-AC79-386BC12379BE}.Debug|Any CPU.Build.0 = Debug|Any CPU
		{558B3AE3-C408-4DB0-AC79-386BC12379BE}.Release|Any CPU.ActiveCfg = Release|Any CPU
		{558B3AE3-C408-4DB0-AC79-386BC12379BE}.Release|Any CPU.Build.0 = Release|Any CPU
		{558B3AE3-C408-4DB0-AC79-386BC12379BE}.Start|Any CPU.ActiveCfg = Release|Any CPU
		{558B3AE3-C408-4DB0-AC79-386BC12379BE}.Start|Any CPU.Build.0 = Release|Any CPU
		{86E17B7C-E241-4C25-8A8B-B56C3D4C0B5C}.Debug|Any CPU.ActiveCfg = Debug|Any CPU
		{86E17B7C-E241-4C25-8A8B-B56C3D4C0B5C}.Debug|Any CPU.Build.0 = Debug|Any CPU
		{86E17B7C-E241-4C25-8A8B-B56C3D4C0B5C}.Release|Any CPU.ActiveCfg = Release|Any CPU
		{86E17B7C-E241-4C25-8A8B-B56C3D4C0B5C}.Release|Any CPU.Build.0 = Release|Any CPU
		{86E17B7C-E241-4C25-8A8B-B56C3D4C0B5C}.Start|Any CPU.ActiveCfg = Release|Any CPU
		{86E17B7C-E241-4C25-8A8B-B56C3D4C0B5C}.Start|Any CPU.Build.0 = Release|Any CPU
		{5FCDDA8A-B305-474E-AD27-4DEF6CB042B6}.Debug|Any CPU.ActiveCfg = Debug|Any CPU
		{5FCDDA8A-B305-474E-AD27-4DEF6CB042B6}.Debug|Any CPU.Build.0 = Debug|Any CPU
		{5FCDDA8A-B305-474E-AD27-4DEF6CB042B6}.Release|Any CPU.ActiveCfg = Release|Any CPU
		{5FCDDA8A-B305-474E-AD27-4DEF6CB042B6}.Release|Any CPU.Build.0 = Release|Any CPU
		{5FCDDA8A-B305-474E-AD27-4DEF6CB042B6}.Start|Any CPU.ActiveCfg = Release|Any CPU
		{5FCDDA8A-B305-474E-AD27-4DEF6CB042B6}.Start|Any CPU.Build.0 = Release|Any CPU
		{2FFCEF0E-CEAD-4187-BBCD-CB0F60CF09AA}.Debug|Any CPU.ActiveCfg = Debug|Any CPU
		{2FFCEF0E-CEAD-4187-BBCD-CB0F60CF09AA}.Debug|Any CPU.Build.0 = Debug|Any CPU
		{2FFCEF0E-CEAD-4187-BBCD-CB0F60CF09AA}.Release|Any CPU.ActiveCfg = Release|Any CPU
		{2FFCEF0E-CEAD-4187-BBCD-CB0F60CF09AA}.Release|Any CPU.Build.0 = Release|Any CPU
		{2FFCEF0E-CEAD-4187-BBCD-CB0F60CF09AA}.Start|Any CPU.ActiveCfg = Debug|Any CPU
		{2FFCEF0E-CEAD-4187-BBCD-CB0F60CF09AA}.Start|Any CPU.Build.0 = Debug|Any CPU
	EndGlobalSection
	GlobalSection(SolutionProperties) = preSolution
		HideSolutionNode = FALSE
	EndGlobalSection
	GlobalSection(ExtensibilityGlobals) = postSolution
		SolutionGuid = {A8D5148B-3638-4666-8D70-D1729A2B5CC0}
	EndGlobalSection
EndGlobal
